github.com/b4b4r07/go-pipe v0.0.0-20191010045404-84b446f57366 h1:FVAkDbBxovi2ID0vaxY7vCGvdKASt9r0TGPM1u4YQyg=
github.com/b4b4r07/go-pipe v0.0.0-20191010045404-84b446f57366/go.mod h1:1ymsiQNa3qebVEEVtuIdhtAXRfjO4qFCFq1bBUOT2HE=
github.com/darkjinnee/go-err v1.0.0 h1:OFYIKooxlaIPNJMm5i5NhH8YwMfZo9u5GObZ7Tprcik=
github.com/darkjinnee/go-err v1.0.0/go.mod h1:u9dsUuejSs8Q2T9ftwG4A+X0K9rGwf/7A/rbvN0HGZY=
